
Microsoft Visual Studio Solution File, Format Version 12.00
# Visual Studio Version 17
VisualStudioVersion = 17.14.36804.6
MinimumVisualStudioVersion = 10.0.40219.1
Project("{2150E333-8FDC-42A3-9474-1A3956D46DE8}") = "backend", "backend", "{1AE8ACA6-933B-BF2A-3671-3E2EAC007D16}"
EndProject
Project("{2150E333-8FDC-42A3-9474-1A3956D46DE8}") = "API", "API", "{F5770A5D-1764-CA48-906B-8D098984A6C2}"
EndProject
Project("{FAE04EC0-301F-11D3-BF4B-00C04F79EFBC}") = "ServicioVentas.API", "backend\API\ServicioVentas.API.csproj", "{D6A8E0DE-35ED-453F-89EC-3C4FE16F9320}"
EndProject
Project("{FAE04EC0-301F-11D3-BF4B-00C04F79EFBC}") = "ServicioVentas.Application", "backend\Application\ServicioVentas.Application.csproj", "{0F225EA6-7723-4213-B8E8-16294709CA27}"
EndProject
Project("{FAE04EC0-301F-11D3-BF4B-00C04F79EFBC}") = "ServicioVentas.Domain", "backend\Domain\ServicioVentas.Domain.csproj", "{0D76EEDC-C3C6-4F1C-BE9A-0332D76EFEE5}"
EndProject
Project("{FAE04EC0-301F-11D3-BF4B-00C04F79EFBC}") = "ServicioVentas.Infrastructure", "backend\Infrastructure\ServicioVentas.Infrastructure.csproj", "{2AAD60AF-478E-416E-B3DD-2FE351A695CB}"
EndProject
Project("{2150E333-8FDC-42A3-9474-1A3956D46DE8}") = "Tests", "Tests", "{F57642F3-C37C-D174-720E-6A6AAD5BEE22}"
EndProject
Project("{FAE04EC0-301F-11D3-BF4B-00C04F79EFBC}") = "ServicioVentas.Application.Tests", "backend\Tests\ServicioVentas.Application.Tests\ServicioVentas.Application.Tests.csproj", "{433F7B81-EC56-48C5-AF90-C27D6CE4AFC9}"
EndProject
Project("{FAE04EC0-301F-11D3-BF4B-00C04F79EFBC}") = "ServicioVentas.API.IntegrationTests", "backend\Tests\ServicioVentas.API.IntegrationTests\ServicioVentas.API.IntegrationTests.csproj", "{A0C0A95A-0892-4523-9E79-29D6D207CDDA}"
EndProject
Global
	GlobalSection(SolutionConfigurationPlatforms) = preSolution
		Debug|Any CPU = Debug|Any CPU
		Debug|x64 = Debug|x64
		Debug|x86 = Debug|x86
		Release|Any CPU = Release|Any CPU
		Release|x64 = Release|x64
		Release|x86 = Release|x86
	EndGlobalSection
	GlobalSection(ProjectConfigurationPlatforms) = postSolution
		{D6A8E0DE-35ED-453F-89EC-3C4FE16F9320}.Debug|Any CPU.ActiveCfg = Debug|Any CPU
		{D6A8E0DE-35ED-453F-89EC-3C4FE16F9320}.Debug|Any CPU.Build.0 = Debug|Any CPU
		{D6A8E0DE-35ED-453F-89EC-3C4FE16F9320}.Debug|x64.ActiveCfg = Debug|Any CPU
		{D6A8E0DE-35ED-453F-89EC-3C4FE16F9320}.Debug|x64.Build.0 = Debug|Any CPU
		{D6A8E0DE-35ED-453F-89EC-3C4FE16F9320}.Debug|x86.ActiveCfg = Debug|Any CPU
		{D6A8E0DE-35ED-453F-89EC-3C4FE16F9320}.Debug|x86.Build.0 = Debug|Any CPU
		{D6A8E0DE-35ED-453F-89EC-3C4FE16F9320}.Release|Any CPU.ActiveCfg = Release|Any CPU
		{D6A8E0DE-35ED-453F-89EC-3C4FE16F9320}.Release|Any CPU.Build.0 = Release|Any CPU
		{D6A8E0DE-35ED-453F-89EC-3C4FE16F9320}.Release|x64.ActiveCfg = Release|Any CPU
		{D6A8E0DE-35ED-453F-89EC-3C4FE16F9320}.Release|x64.Build.0 = Release|Any CPU
		{D6A8E0DE-35ED-453F-89EC-3C4FE16F9320}.Release|x86.ActiveCfg = Release|Any CPU
		{D6A8E0DE-35ED-453F-89EC-3C4FE16F9320}.Release|x86.Build.0 = Release|Any CPU
		{0F225EA6-7723-4213-B8E8-16294709CA27}.Debug|Any CPU.ActiveCfg = Debug|Any CPU
		{0F225EA6-7723-4213-B8E8-16294709CA27}.Debug|Any CPU.Build.0 = Debug|Any CPU
		{0F225EA6-7723-4213-B8E8-16294709CA27}.Debug|x64.ActiveCfg = Debug|Any CPU
		{0F225EA6-7723-4213-B8E8-16294709CA27}.Debug|x64.Build.0 = Debug|Any CPU
		{0F225EA6-7723-4213-B8E8-16294709CA27}.Debug|x86.ActiveCfg = Debug|Any CPU
		{0F225EA6-7723-4213-B8E8-16294709CA27}.Debug|x86.Build.0 = Debug|Any CPU
		{0F225EA6-7723-4213-B8E8-16294709CA27}.Release|Any CPU.ActiveCfg = Release|Any CPU
		{0F225EA6-7723-4213-B8E8-16294709CA27}.Release|Any CPU.Build.0 = Release|Any CPU
		{0F225EA6-7723-4213-B8E8-16294709CA27}.Release|x64.ActiveCfg = Release|Any CPU
		{0F225EA6-7723-4213-B8E8-16294709CA27}.Release|x64.Build.0 = Release|Any CPU
		{0F225EA6-7723-4213-B8E8-16294709CA27}.Release|x86.ActiveCfg = Release|Any CPU
		{0F225EA6-7723-4213-B8E8-16294709CA27}.Release|x86.Build.0 = Release|Any CPU
		{0D76EEDC-C3C6-4F1C-BE9A-0332D76EFEE5}.Debug|Any CPU.ActiveCfg = Debug|Any CPU
		{0D76EEDC-C3C6-4F1C-BE9A-0332D76EFEE5}.Debug|Any CPU.Build.0 = Debug|Any CPU
		{0D76EEDC-C3C6-4F1C-BE9A-0332D76EFEE5}.Debug|x64.ActiveCfg = Debug|Any CPU
		{0D76EEDC-C3C6-4F1C-BE9A-0332D76EFEE5}.Debug|x64.Build.0 = Debug|Any CPU
		{0D76EEDC-C3C6-4F1C-BE9A-0332D76EFEE5}.Debug|x86.ActiveCfg = Debug|Any CPU
		{0D76EEDC-C3C6-4F1C-BE9A-0332D76EFEE5}.Debug|x86.Build.0 = Debug|Any CPU
		{0D76EEDC-C3C6-4F1C-BE9A-0332D76EFEE5}.Release|Any CPU.ActiveCfg = Release|Any CPU
		{0D76EEDC-C3C6-4F1C-BE9A-0332D76EFEE5}.Release|Any CPU.Build.0 = Release|Any CPU
		{0D76EEDC-C3C6-4F1C-BE9A-0332D76EFEE5}.Release|x64.ActiveCfg = Release|Any CPU
		{0D76EEDC-C3C6-4F1C-BE9A-0332D76EFEE5}.Release|x64.Build.0 = Release|Any CPU
		{0D76EEDC-C3C6-4F1C-BE9A-0332D76EFEE5}.Release|x86.ActiveCfg = Release|Any CPU
		{0D76EEDC-C3C6-4F1C-BE9A-0332D76EFEE5}.Release|x86.Build.0 = Release|Any CPU
		{2AAD60AF-478E-416E-B3DD-2FE351A695CB}.Debug|Any CPU.ActiveCfg = Debug|Any CPU
		{2AAD60AF-478E-416E-B3DD-2FE351A695CB}.Debug|Any CPU.Build.0 = Debug|Any CPU
		{2AAD60AF-478E-416E-B3DD-2FE351A695CB}.Debug|x64.ActiveCfg = Debug|Any CPU
		{2AAD60AF-478E-416E-B3DD-2FE351A695CB}.Debug|x64.Build.0 = Debug|Any CPU
		{2AAD60AF-478E-416E-B3DD-2FE351A695CB}.Debug|x86.ActiveCfg = Debug|Any CPU
		{2AAD60AF-478E-416E-B3DD-2FE351A695CB}.Debug|x86.Build.0 = Debug|Any CPU
		{2AAD60AF-478E-416E-B3DD-2FE351A695CB}.Release|Any CPU.ActiveCfg = Release|Any CPU
		{2AAD60AF-478E-416E-B3DD-2FE351A695CB}.Release|Any CPU.Build.0 = Release|Any CPU
		{2AAD60AF-478E-416E-B3DD-2FE351A695CB}.Release|x64.ActiveCfg = Release|Any CPU
		{2AAD60AF-478E-416E-B3DD-2FE351A695CB}.Release|x64.Build.0 = Release|Any CPU
		{2AAD60AF-478E-416E-B3DD-2FE351A695CB}.Release|x86.ActiveCfg = Release|Any CPU
		{2AAD60AF-478E-416E-B3DD-2FE351A695CB}.Release|x86.Build.0 = Release|Any CPU
		{433F7B81-EC56-48C5-AF90-C27D6CE4AFC9}.Debug|Any CPU.ActiveCfg = Debug|Any CPU
		{433F7B81-EC56-48C5-AF90-C27D6CE4AFC9}.Debug|Any CPU.Build.0 = Debug|Any CPU
		{433F7B81-EC56-48C5-AF90-C27D6CE4AFC9}.Debug|x64.ActiveCfg = Debug|Any CPU
		{433F7B81-EC56-48C5-AF90-C27D6CE4AFC9}.Debug|x64.Build.0 = Debug|Any CPU
		{433F7B81-EC56-48C5-AF90-C27D6CE4AFC9}.Debug|x86.ActiveCfg = Debug|Any CPU
		{433F7B81-EC56-48C5-AF90-C27D6CE4AFC9}.Debug|x86.Build.0 = Debug|Any CPU
		{433F7B81-EC56-48C5-AF90-C27D6CE4AFC9}.Release|Any CPU.ActiveCfg = Release|Any CPU
		{433F7B81-EC56-48C5-AF90-C27D6CE4AFC9}.Release|Any CPU.Build.0 = Release|Any CPU
		{433F7B81-EC56-48C5-AF90-C27D6CE4AFC9}.Release|x64.ActiveCfg = Release|Any CPU
		{433F7B81-EC56-48C5-AF90-C27D6CE4AFC9}.Release|x64.Build.0 = Release|Any CPU
		{433F7B81-EC56-48C5-AF90-C27D6CE4AFC9}.Release|x86.ActiveCfg = Release|Any CPU
		{433F7B81-EC56-48C5-AF90-C27D6CE4AFC9}.Release|x86.Build.0 = Release|Any CPU
		{A0C0A95A-0892-4523-9E79-29D6D207CDDA}.Debug|Any CPU.ActiveCfg = Debug|Any CPU
		{A0C0A95A-0892-4523-9E79-29D6D207CDDA}.Debug|Any CPU.Build.0 = Debug|Any CPU
		{A0C0A95A-0892-4523-9E79-29D6D207CDDA}.Debug|x64.ActiveCfg = Debug|Any CPU
		{A0C0A95A-0892-4523-9E79-29D6D207CDDA}.Debug|x64.Build.0 = Debug|Any CPU
		{A0C0A95A-0892-4523-9E79-29D6D207CDDA}.Debug|x86.ActiveCfg = Debug|Any CPU
		{A0C0A95A-0892-4523-9E79-29D6D207CDDA}.Debug|x86.Build.0 = Debug|Any CPU
		{A0C0A95A-0892-4523-9E79-29D6D207CDDA}.Release|Any CPU.ActiveCfg = Release|Any CPU
		{A0C0A95A-0892-4523-9E79-29D6D207CDDA}.Release|Any CPU.Build.0 = Release|Any CPU
		{A0C0A95A-0892-4523-9E79-29D6D207CDDA}.Release|x64.ActiveCfg = Release|Any CPU
		{A0C0A95A-0892-4523-9E79-29D6D207CDDA}.Release|x64.Build.0 = Release|Any CPU
		{A0C0A95A-0892-4523-9E79-29D6D207CDDA}.Release|x86.ActiveCfg = Release|Any CPU
		{A0C0A95A-0892-4523-9E79-29D6D207CDDA}.Release|x86.Build.0 = Release|Any CPU
	EndGlobalSection
	GlobalSection(SolutionProperties) = preSolution
		HideSolutionNode = FALSE
	EndGlobalSection
	GlobalSection(NestedProjects) = preSolution
		{F5770A5D-1764-CA48-906B-8D098984A6C2} = {1AE8ACA6-933B-BF2A-3671-3E2EAC007D16}
		{D6A8E0DE-35ED-453F-89EC-3C4FE16F9320} = {F5770A5D-1764-CA48-906B-8D098984A6C2}
		{0F225EA6-7723-4213-B8E8-16294709CA27} = {F5770A5D-1764-CA48-906B-8D098984A6C2}
		{0D76EEDC-C3C6-4F1C-BE9A-0332D76EFEE5} = {F5770A5D-1764-CA48-906B-8D098984A6C2}
		{2AAD60AF-478E-416E-B3DD-2FE351A695CB} = {F5770A5D-1764-CA48-906B-8D098984A6C2}
		{F57642F3-C37C-D174-720E-6A6AAD5BEE22} = {1AE8ACA6-933B-BF2A-3671-3E2EAC007D16}
		{433F7B81-EC56-48C5-AF90-C27D6CE4AFC9} = {F57642F3-C37C-D174-720E-6A6AAD5BEE22}
		{A0C0A95A-0892-4523-9E79-29D6D207CDDA} = {F57642F3-C37C-D174-720E-6A6AAD5BEE22}
	EndGlobalSection
	GlobalSection(ExtensibilityGlobals) = postSolution
		SolutionGuid = {67ADF8E6-4506-4CDE-A852-2E54AACA42A2}
	EndGlobalSection
EndGlobal
